
Microsoft Visual Studio Solution File, Format Version 12.00
# Visual Studio Version 16
VisualStudioVersion = 16.0.29609.76
MinimumVisualStudioVersion = 10.0.40219.1
Project("{9A19103F-16F7-4668-BE54-9A1E7A4F7556}") = "MithrilShards.Network.Legacy", "src\MithrilShards.P2P\MithrilShards.Network.Legacy.csproj", "{CA14A138-B31B-4DD5-B227-A78740DE932B}"
EndProject
Project("{2150E333-8FDC-42A3-9474-1A3956D46DE8}") = "CodeStyle", "CodeStyle", "{4745214D-E97C-41B1-A1A3-5C8237C59B72}"
	ProjectSection(SolutionItems) = preProject
		.editorconfig = .editorconfig
		.filenesting.json = .filenesting.json
	EndProjectSection
EndProject
Project("{9A19103F-16F7-4668-BE54-9A1E7A4F7556}") = "ConnectionTest", "src\ConnectionTest\ConnectionTest.csproj", "{D93C5DFE-431A-4A18-8260-7E989C5B54E9}"
EndProject
Project("{2150E333-8FDC-42A3-9474-1A3956D46DE8}") = "Benchmark", "Benchmark", "{AEDA167A-43CB-40E7-935B-BF12DCBE339A}"
EndProject
Project("{9A19103F-16F7-4668-BE54-9A1E7A4F7556}") = "MithrilShards.P2P.Benchmark", "MithrilShards.P2P.Benchmark\MithrilShards.P2P.Benchmark.csproj", "{60A45997-FDF2-4D8E-A00A-2203FDEC2102}"
EndProject
Project("{2150E333-8FDC-42A3-9474-1A3956D46DE8}") = "Documentation", "Documentation", "{59B8229B-8557-4987-B758-5E41D996DCD2}"
	ProjectSection(SolutionItems) = preProject
		readme.md = readme.md
		Documentation\todo.md = Documentation\todo.md
	EndProjectSection
EndProject
Project("{9A19103F-16F7-4668-BE54-9A1E7A4F7556}") = "MithrilShards.Core", "src\MithrilShards.Core\MithrilShards.Core.csproj", "{2777F4C4-4BD2-4DE6-AEC6-8BDBF2012369}"
EndProject
Project("{9A19103F-16F7-4668-BE54-9A1E7A4F7556}") = "MithrilShards.Logging.Serilog", "src\MithrilShards.Logging.Serilog\MithrilShards.Logging.Serilog.csproj", "{143DF3B2-3E57-45D9-BC8D-D99C340E3987}"
EndProject
Project("{9A19103F-16F7-4668-BE54-9A1E7A4F7556}") = "MithrilShards.Network.Bedrock", "src\MithrilShards.Network.Bedrock\MithrilShards.Network.Bedrock.csproj", "{C7540DF0-9BEA-40C7-A82C-5559D8767EEE}"
EndProject
Project("{9A19103F-16F7-4668-BE54-9A1E7A4F7556}") = "MithrilShards.Chain.Bitcoin", "src\MithrilShards.Chain.Bitcoin\MithrilShards.Chain.Bitcoin.csproj", "{BBD15267-F1C4-4D1E-B4C5-08D7A91B1343}"
EndProject
Project("{2150E333-8FDC-42A3-9474-1A3956D46DE8}") = ".nuget", ".nuget", "{155873E1-E405-44A8-B2BE-0DDFB46AE409}"
	ProjectSection(SolutionItems) = preProject
		.nuget\NuGet.config = .nuget\NuGet.config
	EndProjectSection
EndProject
Project("{9A19103F-16F7-4668-BE54-9A1E7A4F7556}") = "MithrilShards.Logging.ConsoleTableFormatter", "src\MithrilShards.Logging.ConsoleTableFormatter\MithrilShards.Logging.ConsoleTableFormatter.csproj", "{3A5BF491-4A6F-4F25-A5B8-58CCE9759A28}"
EndProject
Project("{9A19103F-16F7-4668-BE54-9A1E7A4F7556}") = "MithrilShards.Diagnostic.StatisticsCollector", "src\MithrilShards.Diagnostic.StatisticsCollector\MithrilShards.Diagnostic.StatisticsCollector.csproj", "{C1B18295-7204-48B6-B6B1-5FA036B8ACE8}"
EndProject
Project("{2150E333-8FDC-42A3-9474-1A3956D46DE8}") = "Shards", "Shards", "{45D8469B-1E71-4366-89F7-B58FC6C789F6}"
EndProject
Global
	GlobalSection(SolutionConfigurationPlatforms) = preSolution
		Debug|Any CPU = Debug|Any CPU
		Release|Any CPU = Release|Any CPU
	EndGlobalSection
	GlobalSection(ProjectConfigurationPlatforms) = postSolution
		{CA14A138-B31B-4DD5-B227-A78740DE932B}.Debug|Any CPU.ActiveCfg = Debug|Any CPU
		{CA14A138-B31B-4DD5-B227-A78740DE932B}.Debug|Any CPU.Build.0 = Debug|Any CPU
		{CA14A138-B31B-4DD5-B227-A78740DE932B}.Release|Any CPU.ActiveCfg = Release|Any CPU
		{CA14A138-B31B-4DD5-B227-A78740DE932B}.Release|Any CPU.Build.0 = Release|Any CPU
		{D93C5DFE-431A-4A18-8260-7E989C5B54E9}.Debug|Any CPU.ActiveCfg = Debug|Any CPU
		{D93C5DFE-431A-4A18-8260-7E989C5B54E9}.Debug|Any CPU.Build.0 = Debug|Any CPU
		{D93C5DFE-431A-4A18-8260-7E989C5B54E9}.Release|Any CPU.ActiveCfg = Release|Any CPU
		{D93C5DFE-431A-4A18-8260-7E989C5B54E9}.Release|Any CPU.Build.0 = Release|Any CPU
		{60A45997-FDF2-4D8E-A00A-2203FDEC2102}.Debug|Any CPU.ActiveCfg = Debug|Any CPU
		{60A45997-FDF2-4D8E-A00A-2203FDEC2102}.Debug|Any CPU.Build.0 = Debug|Any CPU
		{60A45997-FDF2-4D8E-A00A-2203FDEC2102}.Release|Any CPU.ActiveCfg = Release|Any CPU
		{60A45997-FDF2-4D8E-A00A-2203FDEC2102}.Release|Any CPU.Build.0 = Release|Any CPU
		{2777F4C4-4BD2-4DE6-AEC6-8BDBF2012369}.Debug|Any CPU.ActiveCfg = Debug|Any CPU
		{2777F4C4-4BD2-4DE6-AEC6-8BDBF2012369}.Debug|Any CPU.Build.0 = Debug|Any CPU
		{2777F4C4-4BD2-4DE6-AEC6-8BDBF2012369}.Release|Any CPU.ActiveCfg = Release|Any CPU
		{2777F4C4-4BD2-4DE6-AEC6-8BDBF2012369}.Release|Any CPU.Build.0 = Release|Any CPU
		{143DF3B2-3E57-45D9-BC8D-D99C340E3987}.Debug|Any CPU.ActiveCfg = Debug|Any CPU
		{143DF3B2-3E57-45D9-BC8D-D99C340E3987}.Debug|Any CPU.Build.0 = Debug|Any CPU
		{143DF3B2-3E57-45D9-BC8D-D99C340E3987}.Release|Any CPU.ActiveCfg = Release|Any CPU
		{143DF3B2-3E57-45D9-BC8D-D99C340E3987}.Release|Any CPU.Build.0 = Release|Any CPU
		{C7540DF0-9BEA-40C7-A82C-5559D8767EEE}.Debug|Any CPU.ActiveCfg = Debug|Any CPU
		{C7540DF0-9BEA-40C7-A82C-5559D8767EEE}.Debug|Any CPU.Build.0 = Debug|Any CPU
		{C7540DF0-9BEA-40C7-A82C-5559D8767EEE}.Release|Any CPU.ActiveCfg = Release|Any CPU
		{C7540DF0-9BEA-40C7-A82C-5559D8767EEE}.Release|Any CPU.Build.0 = Release|Any CPU
		{BBD15267-F1C4-4D1E-B4C5-08D7A91B1343}.Debug|Any CPU.ActiveCfg = Debug|Any CPU
		{BBD15267-F1C4-4D1E-B4C5-08D7A91B1343}.Debug|Any CPU.Build.0 = Debug|Any CPU
		{BBD15267-F1C4-4D1E-B4C5-08D7A91B1343}.Release|Any CPU.ActiveCfg = Release|Any CPU
		{BBD15267-F1C4-4D1E-B4C5-08D7A91B1343}.Release|Any CPU.Build.0 = Release|Any CPU
		{3A5BF491-4A6F-4F25-A5B8-58CCE9759A28}.Debug|Any CPU.ActiveCfg = Debug|Any CPU
		{3A5BF491-4A6F-4F25-A5B8-58CCE9759A28}.Debug|Any CPU.Build.0 = Debug|Any CPU
		{3A5BF491-4A6F-4F25-A5B8-58CCE9759A28}.Release|Any CPU.ActiveCfg = Release|Any CPU
		{3A5BF491-4A6F-4F25-A5B8-58CCE9759A28}.Release|Any CPU.Build.0 = Release|Any CPU
		{C1B18295-7204-48B6-B6B1-5FA036B8ACE8}.Debug|Any CPU.ActiveCfg = Debug|Any CPU
		{C1B18295-7204-48B6-B6B1-5FA036B8ACE8}.Debug|Any CPU.Build.0 = Debug|Any CPU
		{C1B18295-7204-48B6-B6B1-5FA036B8ACE8}.Release|Any CPU.ActiveCfg = Release|Any CPU
		{C1B18295-7204-48B6-B6B1-5FA036B8ACE8}.Release|Any CPU.Build.0 = Release|Any CPU
	EndGlobalSection
	GlobalSection(SolutionProperties) = preSolution
		HideSolutionNode = FALSE
	EndGlobalSection
	GlobalSection(NestedProjects) = preSolution
		{60A45997-FDF2-4D8E-A00A-2203FDEC2102} = {AEDA167A-43CB-40E7-935B-BF12DCBE339A}
		{BBD15267-F1C4-4D1E-B4C5-08D7A91B1343} = {45D8469B-1E71-4366-89F7-B58FC6C789F6}
		{C1B18295-7204-48B6-B6B1-5FA036B8ACE8} = {45D8469B-1E71-4366-89F7-B58FC6C789F6}
	EndGlobalSection
	GlobalSection(ExtensibilityGlobals) = postSolution
		SolutionGuid = {5624037D-68BC-4AD5-8802-500F2ADE8DED}
	EndGlobalSection
EndGlobal
